{
    "_readme": [
        "This file locks the dependencies of your project to a known state",
        "Read more about it at https://getcomposer.org/doc/01-basic-usage.md#installing-dependencies",
        "This file is @generated automatically"
    ],
    "content-hash": "18bb82d4281af067561ef83dde966317",
    "packages": [
        {
            "name": "nilportugues/sql-query-builder",
            "version": "1.7.0",
            "source": {
                "type": "git",
                "url": "https://github.com/nilportugues/php-sql-query-builder.git",
                "reference": "89918711eb1e3e982309aa202b9987c08c6f495b"
            },
            "dist": {
                "type": "zip",
                "url": "https://api.github.com/repos/nilportugues/php-sql-query-builder/zipball/89918711eb1e3e982309aa202b9987c08c6f495b",
                "reference": "89918711eb1e3e982309aa202b9987c08c6f495b",
                "shasum": ""
            },
            "require": {
                "nilportugues/sql-query-formatter": "~1.2",
                "php": ">=5.5"
            },
            "require-dev": {
                "fabpot/php-cs-fixer": "~1.9",
                "nilportugues/php_backslasher": "~0.2",
                "phpunit/phpunit": "4.*"
            },
            "type": "library",
            "extra": {
                "branch-alias": {
                    "dev-master": "1.0.x-dev"
                }
            },
            "autoload": {
                "psr-4": {
                    "NilPortugues\\Sql\\QueryBuilder\\": "src/"
                }
            },
            "notification-url": "https://packagist.org/downloads/",
            "license": [
                "MIT"
            ],
            "authors": [
                {
                    "name": "Nil Portugués Calderó",
                    "role": "Lead Developer",
                    "email": "contact@nilportugues.com",
                    "homepage": "http://nilportugues.com"
                },
                {
                    "name": "Woody Gilk",
                    "role": "Contributor",
                    "email": "woody.gilk@gmail.com",
                    "homepage": "http://shadowhand.me/"
                }
            ],
            "description": "An elegant lightweight and efficient SQL QueryInterface BuilderInterface supporting bindings and complicated query generation.",
            "homepage": "http://nilportugues.com",
            "keywords": [
                "builder",
                "mysql",
                "orm",
                "query",
                "query builder",
                "sql"
            ],
            "time": "2019-02-05T13:28:29+00:00"
        },
        {
            "name": "nilportugues/sql-query-formatter",
            "version": "v1.2.2",
            "source": {
                "type": "git",
                "url": "https://github.com/nilportugues/sql-query-formatter.git",
                "reference": "a539162a13e3217827237d5809fbaf25e136dc0e"
            },
            "dist": {
                "type": "zip",
                "url": "https://api.github.com/repos/nilportugues/sql-query-formatter/zipball/a539162a13e3217827237d5809fbaf25e136dc0e",
                "reference": "a539162a13e3217827237d5809fbaf25e136dc0e",
                "shasum": ""
            },
            "require": {
                "php": ">=5.5"
            },
            "require-dev": {
                "fabpot/php-cs-fixer": "~1.9",
                "nilportugues/php_backslasher": "~0.2",
                "phpunit/phpunit": "4.*"
            },
            "type": "library",
            "autoload": {
                "psr-4": {
                    "NilPortugues\\Sql\\QueryFormatter\\": "src/"
                }
            },
            "notification-url": "https://packagist.org/downloads/",
            "license": [
                "MIT"
            ],
            "authors": [
                {
                    "name": "Nil Portugués Calderó",
                    "email": "contact@nilportugues.com",
                    "homepage": "http://nilportugues.com",
                    "role": "Lead Developer"
                }
            ],
            "description": "A very lightweight PHP class that reformats unreadable and computer-generated SQL query statements to human-friendly, readable text.",
            "homepage": "http://nilportugues.com",
            "keywords": [
                "format",
                "formatter",
                "mysql",
                "parser",
                "query",
                "reformat",
                "sql",
                "sql server",
                "tokenizer"
            ],
            "time": "2015-11-02T23:24:39+00:00"
        },
        {
            "name": "symfony/console",
            "version": "v4.0.4",
            "source": {
                "type": "git",
                "url": "https://github.com/symfony/console.git",
                "reference": "36d5b41e7d4e1ccf0370f6babe966c08ef0a1488"
            },
            "dist": {
                "type": "zip",
                "url": "https://api.github.com/repos/symfony/console/zipball/36d5b41e7d4e1ccf0370f6babe966c08ef0a1488",
                "reference": "36d5b41e7d4e1ccf0370f6babe966c08ef0a1488",
                "shasum": ""
            },
            "require": {
                "php": "^7.1.3",
                "symfony/polyfill-mbstring": "~1.0"
            },
            "conflict": {
                "symfony/dependency-injection": "<3.4",
                "symfony/process": "<3.3"
            },
            "require-dev": {
                "psr/log": "~1.0",
                "symfony/config": "~3.4|~4.0",
                "symfony/dependency-injection": "~3.4|~4.0",
                "symfony/event-dispatcher": "~3.4|~4.0",
                "symfony/lock": "~3.4|~4.0",
                "symfony/process": "~3.4|~4.0"
            },
            "suggest": {
                "psr/log": "For using the console logger",
                "symfony/event-dispatcher": "",
                "symfony/lock": "",
                "symfony/process": ""
            },
            "type": "library",
            "extra": {
                "branch-alias": {
                    "dev-master": "4.0-dev"
                }
            },
            "autoload": {
                "psr-4": {
                    "Symfony\\Component\\Console\\": ""
                },
                "exclude-from-classmap": [
                    "/Tests/"
                ]
            },
            "notification-url": "https://packagist.org/downloads/",
            "license": [
                "MIT"
            ],
            "authors": [
                {
                    "name": "Fabien Potencier",
                    "email": "fabien@symfony.com"
                },
                {
                    "name": "Symfony Community",
                    "homepage": "https://symfony.com/contributors"
                }
            ],
            "description": "Symfony Console Component",
            "homepage": "https://symfony.com",
            "time": "2018-01-29T09:06:29+00:00"
        },
        {
            "name": "symfony/polyfill-mbstring",
            "version": "v1.7.0",
            "source": {
                "type": "git",
                "url": "https://github.com/symfony/polyfill-mbstring.git",
                "reference": "78be803ce01e55d3491c1397cf1c64beb9c1b63b"
            },
            "dist": {
                "type": "zip",
                "url": "https://api.github.com/repos/symfony/polyfill-mbstring/zipball/78be803ce01e55d3491c1397cf1c64beb9c1b63b",
                "reference": "78be803ce01e55d3491c1397cf1c64beb9c1b63b",
                "shasum": ""
            },
            "require": {
                "php": ">=5.3.3"
            },
            "suggest": {
                "ext-mbstring": "For best performance"
            },
            "type": "library",
            "extra": {
                "branch-alias": {
                    "dev-master": "1.7-dev"
                }
            },
            "autoload": {
                "psr-4": {
                    "Symfony\\Polyfill\\Mbstring\\": ""
                },
                "files": [
                    "bootstrap.php"
                ]
            },
            "notification-url": "https://packagist.org/downloads/",
            "license": [
                "MIT"
            ],
            "authors": [
                {
                    "name": "Nicolas Grekas",
                    "email": "p@tchwork.com"
                },
                {
                    "name": "Symfony Community",
                    "homepage": "https://symfony.com/contributors"
                }
            ],
            "description": "Symfony polyfill for the Mbstring extension",
            "homepage": "https://symfony.com",
            "keywords": [
                "compatibility",
                "mbstring",
                "polyfill",
                "portable",
                "shim"
            ],
            "time": "2018-01-30T19:27:44+00:00"
        },
        {
            "name": "symfony/yaml",
            "version": "v4.0.4",
            "source": {
                "type": "git",
                "url": "https://github.com/symfony/yaml.git",
                "reference": "ffc60bda1d4a00ec0b32eeabf39dc017bf480028"
            },
            "dist": {
                "type": "zip",
                "url": "https://api.github.com/repos/symfony/yaml/zipball/ffc60bda1d4a00ec0b32eeabf39dc017bf480028",
                "reference": "ffc60bda1d4a00ec0b32eeabf39dc017bf480028",
                "shasum": ""
            },
            "require": {
                "php": "^7.1.3"
            },
            "conflict": {
                "symfony/console": "<3.4"
            },
            "require-dev": {
                "symfony/console": "~3.4|~4.0"
            },
            "suggest": {
                "symfony/console": "For validating YAML files using the lint command"
            },
            "type": "library",
            "extra": {
                "branch-alias": {
                    "dev-master": "4.0-dev"
                }
            },
            "autoload": {
                "psr-4": {
                    "Symfony\\Component\\Yaml\\": ""
                },
                "exclude-from-classmap": [
                    "/Tests/"
                ]
            },
            "notification-url": "https://packagist.org/downloads/",
            "license": [
                "MIT"
            ],
            "authors": [
                {
                    "name": "Fabien Potencier",
                    "email": "fabien@symfony.com"
                },
                {
                    "name": "Symfony Community",
                    "homepage": "https://symfony.com/contributors"
                }
            ],
            "description": "Symfony Yaml Component",
            "homepage": "https://symfony.com",
            "time": "2018-01-21T19:06:11+00:00"
        }
    ],
    "packages-dev": [
        {
            "name": "roave/security-advisories",
            "version": "dev-master",
            "source": {
                "type": "git",
                "url": "https://github.com/Roave/SecurityAdvisories.git",
                "reference": "ea693fa060702164985511acc3ceb5389c9ac761"
            },
            "dist": {
                "type": "zip",
                "url": "https://api.github.com/repos/Roave/SecurityAdvisories/zipball/ea693fa060702164985511acc3ceb5389c9ac761",
                "reference": "ea693fa060702164985511acc3ceb5389c9ac761",
                "shasum": ""
            },
            "conflict": {
                "3f/pygmentize": "<1.2",
                "adodb/adodb-php": "<5.20.12",
                "alterphp/easyadmin-extension-bundle": ">=1.2,<1.2.11|>=1.3,<1.3.1",
                "amphp/artax": "<1.0.6|>=2,<2.0.6",
                "amphp/http": "<1.0.1",
                "api-platform/core": ">=2.2,<2.2.10|>=2.3,<2.3.6",
                "asymmetricrypt/asymmetricrypt": ">=0,<9.9.99",
                "aws/aws-sdk-php": ">=3,<3.2.1",
                "brightlocal/phpwhois": "<=4.2.5",
                "bugsnag/bugsnag-laravel": ">=2,<2.0.2",
                "cakephp/cakephp": ">=1.3,<1.3.18|>=2,<2.4.99|>=2.5,<2.5.99|>=2.6,<2.6.12|>=2.7,<2.7.6|>=3,<3.5.18|>=3.6,<3.6.15|>=3.7,<3.7.7",
                "cart2quote/module-quotation": ">=4.1.6,<=4.4.5|>=5,<5.4.4",
                "cartalyst/sentry": "<=2.1.6",
                "codeigniter/framework": "<=3.0.6",
                "composer/composer": "<=1-alpha.11",
                "contao-components/mediaelement": ">=2.14.2,<2.21.1",
                "contao/core": ">=2,<3.5.39",
                "contao/core-bundle": ">=4,<4.4.39|>=4.5,<4.7.5",
                "contao/listing-bundle": ">=4,<4.4.8",
                "contao/newsletter-bundle": ">=4,<4.1",
                "david-garcia/phpwhois": "<=4.3.1",
                "doctrine/annotations": ">=1,<1.2.7",
                "doctrine/cache": ">=1,<1.3.2|>=1.4,<1.4.2",
                "doctrine/common": ">=2,<2.4.3|>=2.5,<2.5.1",
                "doctrine/dbal": ">=2,<2.0.8|>=2.1,<2.1.2",
                "doctrine/doctrine-bundle": "<1.5.2",
                "doctrine/doctrine-module": "<=0.7.1",
                "doctrine/mongodb-odm": ">=1,<1.0.2",
                "doctrine/mongodb-odm-bundle": ">=2,<3.0.1",
                "doctrine/orm": ">=2,<2.4.8|>=2.5,<2.5.1",
                "dompdf/dompdf": ">=0.6,<0.6.2",
                "drupal/core": ">=7,<7.67|>=8,<8.6.16|>=8.7,<8.7.1|>8.7.3,<8.7.5",
                "drupal/drupal": ">=7,<7.67|>=8,<8.6.16|>=8.7,<8.7.1|>8.7.3,<8.7.5",
                "erusev/parsedown": "<1.7.2",
                "ezsystems/ezplatform-admin-ui": ">=1.3,<1.3.5|>=1.4,<1.4.4",
                "ezsystems/ezpublish-kernel": ">=5.3,<5.3.12.1|>=5.4,<5.4.13.1|>=6,<6.7.9.1|>=6.8,<6.13.5.1|>=7,<7.2.4.1|>=7.3,<7.3.2.1",
                "ezsystems/ezpublish-legacy": ">=5.3,<5.3.12.6|>=5.4,<5.4.12.3|>=2011,<2017.12.4.3|>=2018.6,<2018.6.1.4|>=2018.9,<2018.9.1.3",
                "ezsystems/repository-forms": ">=2.3,<2.3.2.1",
                "ezyang/htmlpurifier": "<4.1.1",
                "firebase/php-jwt": "<2",
                "fooman/tcpdf": "<6.2.22",
                "fossar/tcpdf-parser": "<6.2.22",
                "friendsofsymfony/rest-bundle": ">=1.2,<1.2.2",
                "friendsofsymfony/user-bundle": ">=1.2,<1.3.5",
                "fuel/core": "<1.8.1",
                "gree/jose": "<=2.2",
                "gregwar/rst": "<1.0.3",
                "guzzlehttp/guzzle": ">=4-rc.2,<4.2.4|>=5,<5.3.1|>=6,<6.2.1",
                "illuminate/auth": ">=4,<4.0.99|>=4.1,<=4.1.31|>=4.2,<=4.2.22|>=5,<=5.0.35|>=5.1,<=5.1.46|>=5.2,<=5.2.45|>=5.3,<=5.3.31|>=5.4,<=5.4.36|>=5.5,<5.5.10",
                "illuminate/cookie": ">=4,<=4.0.11|>=4.1,<=4.1.31|>=4.2,<=4.2.22|>=5,<=5.0.35|>=5.1,<=5.1.46|>=5.2,<=5.2.45|>=5.3,<=5.3.31|>=5.4,<=5.4.36|>=5.5,<5.5.42|>=5.6,<5.6.30",
                "illuminate/database": ">=4,<4.0.99|>=4.1,<4.1.29",
                "illuminate/encryption": ">=4,<=4.0.11|>=4.1,<=4.1.31|>=4.2,<=4.2.22|>=5,<=5.0.35|>=5.1,<=5.1.46|>=5.2,<=5.2.45|>=5.3,<=5.3.31|>=5.4,<=5.4.36|>=5.5,<5.5.40|>=5.6,<5.6.15",
                "ivankristianto/phpwhois": "<=4.3",
                "james-heinrich/getid3": "<1.9.9",
                "joomla/session": "<1.3.1",
                "jsmitty12/phpwhois": "<5.1",
                "kazist/phpwhois": "<=4.2.6",
                "kreait/firebase-php": ">=3.2,<3.8.1",
                "la-haute-societe/tcpdf": "<6.2.22",
                "laravel/framework": ">=4,<4.0.99|>=4.1,<=4.1.31|>=4.2,<=4.2.22|>=5,<=5.0.35|>=5.1,<=5.1.46|>=5.2,<=5.2.45|>=5.3,<=5.3.31|>=5.4,<=5.4.36|>=5.5,<5.5.42|>=5.6,<5.6.30",
                "laravel/socialite": ">=1,<1.0.99|>=2,<2.0.10",
                "league/commonmark": "<0.18.3",
                "magento/magento1ce": "<1.9.4.1",
                "magento/magento1ee": ">=1.9,<1.14.4.1",
                "magento/product-community-edition": ">=2,<2.2.8|>=2.3,<2.3.1",
                "monolog/monolog": ">=1.8,<1.12",
                "namshi/jose": "<2.2",
                "onelogin/php-saml": "<2.10.4",
                "openid/php-openid": "<2.3",
                "oro/crm": ">=1.7,<1.7.4",
                "oro/platform": ">=1.7,<1.7.4",
                "padraic/humbug_get_contents": "<1.1.2",
                "pagarme/pagarme-php": ">=0,<3",
                "paragonie/random_compat": "<2",
                "paypal/merchant-sdk-php": "<3.12",
                "pear/archive_tar": "<1.4.4",
                "phpmailer/phpmailer": ">=5,<5.2.27|>=6,<6.0.6",
                "phpoffice/phpexcel": "<=1.8.1",
                "phpoffice/phpspreadsheet": "<=1.5",
                "phpunit/phpunit": ">=4.8.19,<4.8.28|>=5.0.10,<5.6.3",
                "phpwhois/phpwhois": "<=4.2.5",
                "phpxmlrpc/extras": "<0.6.1",
                "propel/propel": ">=2-alpha.1,<=2-alpha.7",
                "propel/propel1": ">=1,<=1.7.1",
                "pusher/pusher-php-server": "<2.2.1",
                "robrichards/xmlseclibs": ">=1,<3.0.2",
                "sabre/dav": ">=1.6,<1.6.99|>=1.7,<1.7.11|>=1.8,<1.8.9",
                "sensiolabs/connect": "<4.2.3",
                "serluck/phpwhois": "<=4.2.6",
                "shopware/shopware": "<5.3.7",
                "silverstripe/cms": ">=3,<=3.0.11|>=3.1,<3.1.11",
                "silverstripe/forum": "<=0.6.1|>=0.7,<=0.7.3",
                "silverstripe/framework": ">=3,<3.6.7|>=3.7,<3.7.3|>=4,<4.4",
                "silverstripe/graphql": ">=2,<2.0.5|>=3,<3.1.2",
                "silverstripe/registry": ">=2.1,<2.1.2|>=2.2,<2.2.1",
                "silverstripe/restfulserver": ">=1,<1.0.9|>=2,<2.0.4",
                "silverstripe/userforms": "<3",
                "simple-updates/phpwhois": "<=1",
                "simplesamlphp/saml2": "<1.10.6|>=2,<2.3.8|>=3,<3.1.4",
                "simplesamlphp/simplesamlphp": "<1.17.3",
                "simplesamlphp/simplesamlphp-module-infocard": "<1.0.1",
                "slim/slim": "<2.6",
                "smarty/smarty": "<3.1.33",
                "socalnick/scn-social-auth": "<1.15.2",
                "spoonity/tcpdf": "<6.2.22",
                "squizlabs/php_codesniffer": ">=1,<2.8.1|>=3,<3.0.1",
                "stormpath/sdk": ">=0,<9.9.99",
                "swiftmailer/swiftmailer": ">=4,<5.4.5",
                "sylius/admin-bundle": ">=1,<1.0.17|>=1.1,<1.1.9|>=1.2,<1.2.2",
                "sylius/grid": ">=1,<1.1.19|>=1.2,<1.2.18|>=1.3,<1.3.13|>=1.4,<1.4.5|>=1.5,<1.5.1",
                "sylius/grid-bundle": ">=1,<1.1.19|>=1.2,<1.2.18|>=1.3,<1.3.13|>=1.4,<1.4.5|>=1.5,<1.5.1",
                "sylius/sylius": ">=1,<1.1.18|>=1.2,<1.2.17|>=1.3,<1.3.12|>=1.4,<1.4.4",
                "symfony/cache": ">=3.1,<3.4.26|>=4,<4.1.12|>=4.2,<4.2.7",
                "symfony/dependency-injection": ">=2,<2.0.17|>=2.7,<2.7.51|>=2.8,<2.8.50|>=3,<3.4.26|>=4,<4.1.12|>=4.2,<4.2.7",
                "symfony/form": ">=2.3,<2.3.35|>=2.4,<2.6.12|>=2.7,<2.7.50|>=2.8,<2.8.49|>=3,<3.4.20|>=4,<4.0.15|>=4.1,<4.1.9|>=4.2,<4.2.1",
                "symfony/framework-bundle": ">=2,<2.3.18|>=2.4,<2.4.8|>=2.5,<2.5.2|>=2.7,<2.7.51|>=2.8,<2.8.50|>=3,<3.4.26|>=4,<4.1.12|>=4.2,<4.2.7",
                "symfony/http-foundation": ">=2,<2.7.51|>=2.8,<2.8.50|>=3,<3.4.26|>=4,<4.1.12|>=4.2,<4.2.7",
                "symfony/http-kernel": ">=2,<2.3.29|>=2.4,<2.5.12|>=2.6,<2.6.8",
                "symfony/intl": ">=2.7,<2.7.38|>=2.8,<2.8.31|>=3,<3.2.14|>=3.3,<3.3.13",
                "symfony/phpunit-bridge": ">=2.8,<2.8.50|>=3,<3.4.26|>=4,<4.1.12|>=4.2,<4.2.7",
                "symfony/polyfill": ">=1,<1.10",
                "symfony/polyfill-php55": ">=1,<1.10",
                "symfony/proxy-manager-bridge": ">=2.7,<2.7.51|>=2.8,<2.8.50|>=3,<3.4.26|>=4,<4.1.12|>=4.2,<4.2.7",
                "symfony/routing": ">=2,<2.0.19",
                "symfony/security": ">=2,<2.7.51|>=2.8,<2.8.50|>=3,<3.4.26|>=4,<4.1.12|>=4.2,<4.2.7",
                "symfony/security-bundle": ">=2,<2.7.48|>=2.8,<2.8.41|>=3,<3.3.17|>=3.4,<3.4.11|>=4,<4.0.11",
                "symfony/security-core": ">=2.4,<2.6.13|>=2.7,<2.7.9|>=2.7.30,<2.7.32|>=2.8,<2.8.37|>=3,<3.3.17|>=3.4,<3.4.7|>=4,<4.0.7",
                "symfony/security-csrf": ">=2.4,<2.7.48|>=2.8,<2.8.41|>=3,<3.3.17|>=3.4,<3.4.11|>=4,<4.0.11",
                "symfony/security-guard": ">=2.8,<2.8.41|>=3,<3.3.17|>=3.4,<3.4.11|>=4,<4.0.11",
                "symfony/security-http": ">=2.3,<2.3.41|>=2.4,<2.7.51|>=2.8,<2.8.50|>=3,<3.4.26|>=4,<4.1.12|>=4.2,<4.2.7",
                "symfony/serializer": ">=2,<2.0.11",
                "symfony/symfony": ">=2,<2.7.51|>=2.8,<2.8.50|>=3,<3.4.26|>=4,<4.1.12|>=4.2,<4.2.7",
                "symfony/translation": ">=2,<2.0.17",
                "symfony/validator": ">=2,<2.0.24|>=2.1,<2.1.12|>=2.2,<2.2.5|>=2.3,<2.3.3",
                "symfony/web-profiler-bundle": ">=2,<2.3.19|>=2.4,<2.4.9|>=2.5,<2.5.4",
                "symfony/yaml": ">=2,<2.0.22|>=2.1,<2.1.7",
                "tecnickcom/tcpdf": "<6.2.22",
                "thelia/backoffice-default-template": ">=2.1,<2.1.2",
                "thelia/thelia": ">=2.1-beta.1,<2.1.3",
                "theonedemon/phpwhois": "<=4.2.5",
                "titon/framework": ">=0,<9.9.99",
                "truckersmp/phpwhois": "<=4.3.1",
                "twig/twig": "<1.38|>=2,<2.7",
                "typo3/cms": ">=6.2,<6.2.30|>=7,<7.6.32|>=8,<8.7.27|>=9,<9.5.8",
                "typo3/cms-core": ">=8,<8.7.27|>=9,<9.5.8",
                "typo3/flow": ">=1,<1.0.4|>=1.1,<1.1.1|>=2,<2.0.1|>=2.3,<2.3.16|>=3,<3.0.10|>=3.1,<3.1.7|>=3.2,<3.2.7|>=3.3,<3.3.5",
                "typo3/neos": ">=1.1,<1.1.3|>=1.2,<1.2.13|>=2,<2.0.4",
                "typo3/phar-stream-wrapper": ">=1,<2.1.1|>=3,<3.1.1",
                "ua-parser/uap-php": "<3.8",
                "wallabag/tcpdf": "<6.2.22",
                "willdurand/js-translation-bundle": "<2.1.1",
                "yiisoft/yii": ">=1.1.14,<1.1.15",
                "yiisoft/yii2": "<2.0.15",
                "yiisoft/yii2-bootstrap": "<2.0.4",
                "yiisoft/yii2-dev": "<2.0.15",
                "yiisoft/yii2-elasticsearch": "<2.0.5",
                "yiisoft/yii2-gii": "<2.0.4",
                "yiisoft/yii2-jui": "<2.0.4",
                "yiisoft/yii2-redis": "<2.0.8",
                "zendframework/zend-cache": ">=2.4,<2.4.8|>=2.5,<2.5.3",
                "zendframework/zend-captcha": ">=2,<2.4.9|>=2.5,<2.5.2",
                "zendframework/zend-crypt": ">=2,<2.4.9|>=2.5,<2.5.2",
                "zendframework/zend-db": ">=2,<2.0.99|>=2.1,<2.1.99|>=2.2,<2.2.10|>=2.3,<2.3.5",
                "zendframework/zend-developer-tools": ">=1.2.2,<1.2.3",
                "zendframework/zend-diactoros": ">=1,<1.8.4",
                "zendframework/zend-feed": ">=1,<2.10.3",
                "zendframework/zend-form": ">=2,<2.2.7|>=2.3,<2.3.1",
                "zendframework/zend-http": ">=1,<2.8.1",
                "zendframework/zend-json": ">=2.1,<2.1.6|>=2.2,<2.2.6",
                "zendframework/zend-ldap": ">=2,<2.0.99|>=2.1,<2.1.99|>=2.2,<2.2.8|>=2.3,<2.3.3",
                "zendframework/zend-mail": ">=2,<2.4.11|>=2.5,<2.7.2",
                "zendframework/zend-navigation": ">=2,<2.2.7|>=2.3,<2.3.1",
                "zendframework/zend-session": ">=2,<2.0.99|>=2.1,<2.1.99|>=2.2,<2.2.9|>=2.3,<2.3.4",
                "zendframework/zend-validator": ">=2.3,<2.3.6",
                "zendframework/zend-view": ">=2,<2.2.7|>=2.3,<2.3.1",
                "zendframework/zend-xmlrpc": ">=2.1,<2.1.6|>=2.2,<2.2.6",
                "zendframework/zendframework": "<2.5.1",
                "zendframework/zendframework1": "<1.12.20",
                "zendframework/zendopenid": ">=2,<2.0.2",
                "zendframework/zendxml": ">=1,<1.0.1",
                "zetacomponents/mail": "<1.8.2",
                "zf-commons/zfc-user": "<1.2.2",
                "zfcampus/zf-apigility-doctrine": ">=1,<1.0.3",
                "zfr/zfr-oauth2-server-module": "<0.1.2"
            },
            "type": "metapackage",
            "notification-url": "https://packagist.org/downloads/",
            "license": [
                "MIT"
            ],
            "authors": [
                {
                    "name": "Marco Pivetta",
                    "email": "ocramius@gmail.com",
                    "role": "maintainer"
                }
            ],
            "description": "Prevents installation of composer packages with known security vulnerabilities: no API, simply require it",
            "time": "2019-07-18T15:17:58+00:00"
        }
    ],
    "aliases": [],
    "minimum-stability": "stable",
    "stability-flags": {
        "roave/security-advisories": 20
    },
    "prefer-stable": false,
    "prefer-lowest": false,
    "platform": {
        "php": ">=5.6.33"
    },
    "platform-dev": []
}
