{
    "_readme": [
        "This file locks the dependencies of your project to a known state",
        "Read more about it at https://getcomposer.org/doc/01-basic-usage.md#composer-lock-the-lock-file",
        "This file is @generated automatically"
    ],
    "content-hash": "02c59d7b7f6ca3ae25471d97814b8882",
    "packages": [
        {
            "name": "psr/log",
            "version": "1.0.2",
            "source": {
                "type": "git",
                "url": "https://github.com/php-fig/log.git",
                "reference": "4ebe3a8bf773a19edfe0a84b6585ba3d401b724d"
            },
            "dist": {
                "type": "zip",
                "url": "https://api.github.com/repos/php-fig/log/zipball/4ebe3a8bf773a19edfe0a84b6585ba3d401b724d",
                "reference": "4ebe3a8bf773a19edfe0a84b6585ba3d401b724d",
                "shasum": ""
            },
            "require": {
                "php": ">=5.3.0"
            },
            "type": "library",
            "extra": {
                "branch-alias": {
                    "dev-master": "1.0.x-dev"
                }
            },
            "autoload": {
                "psr-4": {
                    "Psr\\Log\\": "Psr/Log/"
                }
            },
            "notification-url": "https://packagist.org/downloads/",
            "license": [
                "MIT"
            ],
            "authors": [
                {
                    "name": "PHP-FIG",
                    "homepage": "http://www.php-fig.org/"
                }
            ],
            "description": "Common interface for logging libraries",
            "homepage": "https://github.com/php-fig/log",
            "keywords": [
                "log",
                "psr",
                "psr-3"
            ],
            "time": "2016-10-10T12:19:37+00:00"
        },
        {
            "name": "symfony/console",
            "version": "v3.3.6",
            "source": {
                "type": "git",
                "url": "https://github.com/symfony/console.git",
                "reference": "b0878233cb5c4391347e5495089c7af11b8e6201"
            },
            "dist": {
                "type": "zip",
                "url": "https://api.github.com/repos/symfony/console/zipball/b0878233cb5c4391347e5495089c7af11b8e6201",
                "reference": "b0878233cb5c4391347e5495089c7af11b8e6201",
                "shasum": ""
            },
            "require": {
                "php": ">=5.5.9",
                "symfony/debug": "~2.8|~3.0",
                "symfony/polyfill-mbstring": "~1.0"
            },
            "conflict": {
                "symfony/dependency-injection": "<3.3"
            },
            "require-dev": {
                "psr/log": "~1.0",
                "symfony/config": "~3.3",
                "symfony/dependency-injection": "~3.3",
                "symfony/event-dispatcher": "~2.8|~3.0",
                "symfony/filesystem": "~2.8|~3.0",
                "symfony/http-kernel": "~2.8|~3.0",
                "symfony/process": "~2.8|~3.0"
            },
            "suggest": {
                "psr/log": "For using the console logger",
                "symfony/event-dispatcher": "",
                "symfony/filesystem": "",
                "symfony/process": ""
            },
            "type": "library",
            "extra": {
                "branch-alias": {
                    "dev-master": "3.3-dev"
                }
            },
            "autoload": {
                "psr-4": {
                    "Symfony\\Component\\Console\\": ""
                },
                "exclude-from-classmap": [
                    "/Tests/"
                ]
            },
            "notification-url": "https://packagist.org/downloads/",
            "license": [
                "MIT"
            ],
            "authors": [
                {
                    "name": "Fabien Potencier",
                    "email": "fabien@symfony.com"
                },
                {
                    "name": "Symfony Community",
                    "homepage": "https://symfony.com/contributors"
                }
            ],
            "description": "Symfony Console Component",
            "homepage": "https://symfony.com",
            "time": "2017-07-29T21:27:59+00:00"
        },
        {
            "name": "symfony/debug",
            "version": "v3.3.6",
            "source": {
                "type": "git",
                "url": "https://github.com/symfony/debug.git",
                "reference": "7c13ae8ce1e2adbbd574fc39de7be498e1284e13"
            },
            "dist": {
                "type": "zip",
                "url": "https://api.github.com/repos/symfony/debug/zipball/7c13ae8ce1e2adbbd574fc39de7be498e1284e13",
                "reference": "7c13ae8ce1e2adbbd574fc39de7be498e1284e13",
                "shasum": ""
            },
            "require": {
                "php": ">=5.5.9",
                "psr/log": "~1.0"
            },
            "conflict": {
                "symfony/http-kernel": ">=2.3,<2.3.24|~2.4.0|>=2.5,<2.5.9|>=2.6,<2.6.2"
            },
            "require-dev": {
                "symfony/http-kernel": "~2.8|~3.0"
            },
            "type": "library",
            "extra": {
                "branch-alias": {
                    "dev-master": "3.3-dev"
                }
            },
            "autoload": {
                "psr-4": {
                    "Symfony\\Component\\Debug\\": ""
                },
                "exclude-from-classmap": [
                    "/Tests/"
                ]
            },
            "notification-url": "https://packagist.org/downloads/",
            "license": [
                "MIT"
            ],
            "authors": [
                {
                    "name": "Fabien Potencier",
                    "email": "fabien@symfony.com"
                },
                {
                    "name": "Symfony Community",
                    "homepage": "https://symfony.com/contributors"
                }
            ],
            "description": "Symfony Debug Component",
            "homepage": "https://symfony.com",
            "time": "2017-07-28T15:27:31+00:00"
        },
        {
            "name": "symfony/polyfill-mbstring",
            "version": "v1.5.0",
            "source": {
                "type": "git",
                "url": "https://github.com/symfony/polyfill-mbstring.git",
                "reference": "7c8fae0ac1d216eb54349e6a8baa57d515fe8803"
            },
            "dist": {
                "type": "zip",
                "url": "https://api.github.com/repos/symfony/polyfill-mbstring/zipball/7c8fae0ac1d216eb54349e6a8baa57d515fe8803",
                "reference": "7c8fae0ac1d216eb54349e6a8baa57d515fe8803",
                "shasum": ""
            },
            "require": {
                "php": ">=5.3.3"
            },
            "suggest": {
                "ext-mbstring": "For best performance"
            },
            "type": "library",
            "extra": {
                "branch-alias": {
                    "dev-master": "1.5-dev"
                }
            },
            "autoload": {
                "psr-4": {
                    "Symfony\\Polyfill\\Mbstring\\": ""
                },
                "files": [
                    "bootstrap.php"
                ]
            },
            "notification-url": "https://packagist.org/downloads/",
            "license": [
                "MIT"
            ],
            "authors": [
                {
                    "name": "Nicolas Grekas",
                    "email": "p@tchwork.com"
                },
                {
                    "name": "Symfony Community",
                    "homepage": "https://symfony.com/contributors"
                }
            ],
            "description": "Symfony polyfill for the Mbstring extension",
            "homepage": "https://symfony.com",
            "keywords": [
                "compatibility",
                "mbstring",
                "polyfill",
                "portable",
                "shim"
            ],
            "time": "2017-06-14T15:44:48+00:00"
        },
        {
            "name": "symfony/yaml",
            "version": "v3.3.6",
            "source": {
                "type": "git",
                "url": "https://github.com/symfony/yaml.git",
                "reference": "ddc23324e6cfe066f3dd34a37ff494fa80b617ed"
            },
            "dist": {
                "type": "zip",
                "url": "https://api.github.com/repos/symfony/yaml/zipball/ddc23324e6cfe066f3dd34a37ff494fa80b617ed",
                "reference": "ddc23324e6cfe066f3dd34a37ff494fa80b617ed",
                "shasum": ""
            },
            "require": {
                "php": ">=5.5.9"
            },
            "require-dev": {
                "symfony/console": "~2.8|~3.0"
            },
            "suggest": {
                "symfony/console": "For validating YAML files using the lint command"
            },
            "type": "library",
            "extra": {
                "branch-alias": {
                    "dev-master": "3.3-dev"
                }
            },
            "autoload": {
                "psr-4": {
                    "Symfony\\Component\\Yaml\\": ""
                },
                "exclude-from-classmap": [
                    "/Tests/"
                ]
            },
            "notification-url": "https://packagist.org/downloads/",
            "license": [
                "MIT"
            ],
            "authors": [
                {
                    "name": "Fabien Potencier",
                    "email": "fabien@symfony.com"
                },
                {
                    "name": "Symfony Community",
                    "homepage": "https://symfony.com/contributors"
                }
            ],
            "description": "Symfony Yaml Component",
            "homepage": "https://symfony.com",
            "time": "2017-07-23T12:43:26+00:00"
        }
    ],
    "packages-dev": [],
    "aliases": [],
    "minimum-stability": "stable",
    "stability-flags": [],
    "prefer-stable": false,
    "prefer-lowest": false,
    "platform": {
        "php": ">=5.5.9"
    },
    "platform-dev": []
}
