{
	"name": "world-countries",
	"version": "v1.8.1",
	"lockfileVersion": 1,
	"requires": true,
	"dependencies": {
		"accepts": {
			"version": "1.3.4",
			"resolved": "https://registry.npmjs.org/accepts/-/accepts-1.3.4.tgz",
			"integrity": "sha1-hiRnWMfdbSGmR0/whKR0DsBesh8=",
			"requires": {
				"mime-types": "2.1.17",
				"negotiator": "0.6.1"
			}
		},
		"align-text": {
			"version": "0.1.4",
			"resolved": "https://registry.npmjs.org/align-text/-/align-text-0.1.4.tgz",
			"integrity": "sha1-DNkKVhCT810KmSVsIrcGlDP60Rc=",
			"requires": {
				"kind-of": "3.2.2",
				"longest": "1.0.1",
				"repeat-string": "1.6.1"
			}
		},
		"amdefine": {
			"version": "1.0.1",
			"resolved": "https://registry.npmjs.org/amdefine/-/amdefine-1.0.1.tgz",
			"integrity": "sha1-SlKCrBZHKek2Gbz9OtFR+BfOkfU="
		},
		"array-flatten": {
			"version": "1.1.1",
			"resolved": "https://registry.npmjs.org/array-flatten/-/array-flatten-1.1.1.tgz",
			"integrity": "sha1-ml9pkFGx5wczKPKgCJaLZOopVdI="
		},
		"asap": {
			"version": "2.0.6",
			"resolved": "https://registry.npmjs.org/asap/-/asap-2.0.6.tgz",
			"integrity": "sha1-5QNHYR1+aQlDIIu9r+vLwvuGbUY="
		},
		"async": {
			"version": "1.5.2",
			"resolved": "https://registry.npmjs.org/async/-/async-1.5.2.tgz",
			"integrity": "sha1-7GphrlZIDAw8skHJVhjiCJL5Zyo="
		},
		"balanced-match": {
			"version": "1.0.0",
			"resolved": "https://registry.npmjs.org/balanced-match/-/balanced-match-1.0.0.tgz",
			"integrity": "sha1-ibTRmasr7kneFk6gK4nORi1xt2c="
		},
		"body-parser": {
			"version": "1.18.2",
			"resolved": "https://registry.npmjs.org/body-parser/-/body-parser-1.18.2.tgz",
			"integrity": "sha1-h2eKGdhLR9hZuDGZvVm84iKxBFQ=",
			"requires": {
				"bytes": "3.0.0",
				"content-type": "1.0.4",
				"debug": "2.6.9",
				"depd": "1.1.1",
				"http-errors": "1.6.2",
				"iconv-lite": "0.4.19",
				"on-finished": "2.3.0",
				"qs": "6.5.1",
				"raw-body": "2.3.2",
				"type-is": "1.6.15"
			}
		},
		"brace-expansion": {
			"version": "1.1.8",
			"resolved": "https://registry.npmjs.org/brace-expansion/-/brace-expansion-1.1.8.tgz",
			"integrity": "sha1-wHshHHyVLsH479Uad+8NHTmQopI=",
			"requires": {
				"balanced-match": "1.0.0",
				"concat-map": "0.0.1"
			}
		},
		"bytes": {
			"version": "3.0.0",
			"resolved": "https://registry.npmjs.org/bytes/-/bytes-3.0.0.tgz",
			"integrity": "sha1-0ygVQE1olpn4Wk6k+odV3ROpYEg="
		},
		"camelcase": {
			"version": "1.2.1",
			"resolved": "https://registry.npmjs.org/camelcase/-/camelcase-1.2.1.tgz",
			"integrity": "sha1-m7UwTS4LVmmLLHWLCKPqqdqlijk=",
			"optional": true
		},
		"center-align": {
			"version": "0.1.3",
			"resolved": "https://registry.npmjs.org/center-align/-/center-align-0.1.3.tgz",
			"integrity": "sha1-qg0yYptu6XIgBBHL1EYckHvCt60=",
			"optional": true,
			"requires": {
				"align-text": "0.1.4",
				"lazy-cache": "1.0.4"
			}
		},
		"cliui": {
			"version": "2.1.0",
			"resolved": "https://registry.npmjs.org/cliui/-/cliui-2.1.0.tgz",
			"integrity": "sha1-S0dXYP+AJkx2LDoXGQMukcf+oNE=",
			"optional": true,
			"requires": {
				"center-align": "0.1.3",
				"right-align": "0.1.3",
				"wordwrap": "0.0.2"
			},
			"dependencies": {
				"wordwrap": {
					"version": "0.0.2",
					"resolved": "https://registry.npmjs.org/wordwrap/-/wordwrap-0.0.2.tgz",
					"integrity": "sha1-t5Zpu0LstAn4PVg8rVLKF+qhZD8=",
					"optional": true
				}
			}
		},
		"concat-map": {
			"version": "0.0.1",
			"resolved": "https://registry.npmjs.org/concat-map/-/concat-map-0.0.1.tgz",
			"integrity": "sha1-2Klr13/Wjfd5OnMDajug1UBdR3s="
		},
		"content-disposition": {
			"version": "0.5.2",
			"resolved": "https://registry.npmjs.org/content-disposition/-/content-disposition-0.5.2.tgz",
			"integrity": "sha1-DPaLud318r55YcOoUXjLhdunjLQ="
		},
		"content-type": {
			"version": "1.0.4",
			"resolved": "https://registry.npmjs.org/content-type/-/content-type-1.0.4.tgz",
			"integrity": "sha512-hIP3EEPs8tB9AT1L+NUqtwOAps4mk2Zob89MWXMHjHWg9milF/j4osnnQLXBCBFBk/tvIG/tUc9mOUJiPBhPXA=="
		},
		"cookie": {
			"version": "0.3.1",
			"resolved": "https://registry.npmjs.org/cookie/-/cookie-0.3.1.tgz",
			"integrity": "sha1-5+Ch+e9DtMi6klxcWpboBtFoc7s="
		},
		"cookie-signature": {
			"version": "1.0.6",
			"resolved": "https://registry.npmjs.org/cookie-signature/-/cookie-signature-1.0.6.tgz",
			"integrity": "sha1-4wOogrNCzD7oylE6eZmXNNqzriw="
		},
		"debug": {
			"version": "2.6.9",
			"resolved": "https://registry.npmjs.org/debug/-/debug-2.6.9.tgz",
			"integrity": "sha512-bC7ElrdJaJnPbAP+1EotYvqZsb3ecl5wi6Bfi6BJTUcNowp6cvspg0jXznRTKDjm/E7AdgFBVeAPVMNcKGsHMA==",
			"requires": {
				"ms": "2.0.0"
			}
		},
		"decamelize": {
			"version": "1.2.0",
			"resolved": "https://registry.npmjs.org/decamelize/-/decamelize-1.2.0.tgz",
			"integrity": "sha1-9lNNFRSCabIDUue+4m9QH5oZEpA=",
			"optional": true
		},
		"define-properties": {
			"version": "1.1.2",
			"resolved": "https://registry.npmjs.org/define-properties/-/define-properties-1.1.2.tgz",
			"integrity": "sha1-g6c/L+pWmJj7c3GTyPhzyvbUXJQ=",
			"requires": {
				"foreach": "2.0.5",
				"object-keys": "1.0.11"
			}
		},
		"depd": {
			"version": "1.1.1",
			"resolved": "https://registry.npmjs.org/depd/-/depd-1.1.1.tgz",
			"integrity": "sha1-V4O04cRZ8G+lyif5kfPQbnoxA1k="
		},
		"destroy": {
			"version": "1.0.4",
			"resolved": "https://registry.npmjs.org/destroy/-/destroy-1.0.4.tgz",
			"integrity": "sha1-l4hXRCxEdJ5CBmE+N5RiBYJqvYA="
		},
		"ee-first": {
			"version": "1.1.1",
			"resolved": "https://registry.npmjs.org/ee-first/-/ee-first-1.1.1.tgz",
			"integrity": "sha1-WQxhFWsK4vTwJVcyoViyZrxWsh0="
		},
		"encodeurl": {
			"version": "1.0.1",
			"resolved": "https://registry.npmjs.org/encodeurl/-/encodeurl-1.0.1.tgz",
			"integrity": "sha1-eePVhlU0aQn+bw9Fpd5oEDspTSA="
		},
		"escape-html": {
			"version": "1.0.3",
			"resolved": "https://registry.npmjs.org/escape-html/-/escape-html-1.0.3.tgz",
			"integrity": "sha1-Aljq5NPQwJdN4cFpGI7wBR0dGYg="
		},
		"etag": {
			"version": "1.8.1",
			"resolved": "https://registry.npmjs.org/etag/-/etag-1.8.1.tgz",
			"integrity": "sha1-Qa4u62XvpiJorr/qg6x9eSmbCIc="
		},
		"exphbs": {
			"version": "1.1.0",
			"resolved": "https://registry.npmjs.org/exphbs/-/exphbs-1.1.0.tgz",
			"integrity": "sha1-GxrdKcKU0kmXc2f0lU6eoRV2gJo=",
			"requires": {
				"glob": "7.1.2",
				"handlebars": "4.0.11"
			}
		},
		"express": {
			"version": "4.16.2",
			"resolved": "https://registry.npmjs.org/express/-/express-4.16.2.tgz",
			"integrity": "sha1-41xt/i1kt9ygpc1PIXgb4ymeB2w=",
			"requires": {
				"accepts": "1.3.4",
				"array-flatten": "1.1.1",
				"body-parser": "1.18.2",
				"content-disposition": "0.5.2",
				"content-type": "1.0.4",
				"cookie": "0.3.1",
				"cookie-signature": "1.0.6",
				"debug": "2.6.9",
				"depd": "1.1.1",
				"encodeurl": "1.0.1",
				"escape-html": "1.0.3",
				"etag": "1.8.1",
				"finalhandler": "1.1.0",
				"fresh": "0.5.2",
				"merge-descriptors": "1.0.1",
				"methods": "1.1.2",
				"on-finished": "2.3.0",
				"parseurl": "1.3.2",
				"path-to-regexp": "0.1.7",
				"proxy-addr": "2.0.2",
				"qs": "6.5.1",
				"range-parser": "1.2.0",
				"safe-buffer": "5.1.1",
				"send": "0.16.1",
				"serve-static": "1.13.1",
				"setprototypeof": "1.1.0",
				"statuses": "1.3.1",
				"type-is": "1.6.15",
				"utils-merge": "1.0.1",
				"vary": "1.1.2"
			}
		},
		"express-handlebars": {
			"version": "3.0.0",
			"resolved": "https://registry.npmjs.org/express-handlebars/-/express-handlebars-3.0.0.tgz",
			"integrity": "sha1-gKBwu4GbCeSvLKbQeA91zgXnXC8=",
			"requires": {
				"glob": "6.0.4",
				"graceful-fs": "4.1.11",
				"handlebars": "4.0.11",
				"object.assign": "4.1.0",
				"promise": "7.3.1"
			},
			"dependencies": {
				"glob": {
					"version": "6.0.4",
					"resolved": "https://registry.npmjs.org/glob/-/glob-6.0.4.tgz",
					"integrity": "sha1-DwiGD2oVUSey+t1PnOJLGqtuTSI=",
					"requires": {
						"inflight": "1.0.6",
						"inherits": "2.0.3",
						"minimatch": "3.0.4",
						"once": "1.4.0",
						"path-is-absolute": "1.0.1"
					}
				}
			}
		},
		"finalhandler": {
			"version": "1.1.0",
			"resolved": "https://registry.npmjs.org/finalhandler/-/finalhandler-1.1.0.tgz",
			"integrity": "sha1-zgtoVbRYU+eRsvzGgARtiCU91/U=",
			"requires": {
				"debug": "2.6.9",
				"encodeurl": "1.0.1",
				"escape-html": "1.0.3",
				"on-finished": "2.3.0",
				"parseurl": "1.3.2",
				"statuses": "1.3.1",
				"unpipe": "1.0.0"
			}
		},
		"foreach": {
			"version": "2.0.5",
			"resolved": "https://registry.npmjs.org/foreach/-/foreach-2.0.5.tgz",
			"integrity": "sha1-C+4AUBiusmDQo6865ljdATbsG5k="
		},
		"forwarded": {
			"version": "0.1.2",
			"resolved": "https://registry.npmjs.org/forwarded/-/forwarded-0.1.2.tgz",
			"integrity": "sha1-mMI9qxF1ZXuMBXPozszZGw/xjIQ="
		},
		"fresh": {
			"version": "0.5.2",
			"resolved": "https://registry.npmjs.org/fresh/-/fresh-0.5.2.tgz",
			"integrity": "sha1-PYyt2Q2XZWn6g1qx+OSyOhBWBac="
		},
		"fs.realpath": {
			"version": "1.0.0",
			"resolved": "https://registry.npmjs.org/fs.realpath/-/fs.realpath-1.0.0.tgz",
			"integrity": "sha1-FQStJSMVjKpA20onh8sBQRmU6k8="
		},
		"function-bind": {
			"version": "1.1.1",
			"resolved": "https://registry.npmjs.org/function-bind/-/function-bind-1.1.1.tgz",
			"integrity": "sha512-yIovAzMX49sF8Yl58fSCWJ5svSLuaibPxXQJFLmBObTuCr0Mf1KiPopGM9NiFjiYBCbfaa2Fh6breQ6ANVTI0A=="
		},
		"glob": {
			"version": "7.1.2",
			"resolved": "https://registry.npmjs.org/glob/-/glob-7.1.2.tgz",
			"integrity": "sha512-MJTUg1kjuLeQCJ+ccE4Vpa6kKVXkPYJ2mOCQyUuKLcLQsdrMCpBPUi8qVE6+YuaJkozeA9NusTAw3hLr8Xe5EQ==",
			"requires": {
				"fs.realpath": "1.0.0",
				"inflight": "1.0.6",
				"inherits": "2.0.3",
				"minimatch": "3.0.4",
				"once": "1.4.0",
				"path-is-absolute": "1.0.1"
			}
		},
		"graceful-fs": {
			"version": "4.1.11",
			"resolved": "https://registry.npmjs.org/graceful-fs/-/graceful-fs-4.1.11.tgz",
			"integrity": "sha1-Dovf5NHduIVNZOBOp8AOKgJuVlg="
		},
		"handlebars": {
			"version": "4.0.11",
			"resolved": "https://registry.npmjs.org/handlebars/-/handlebars-4.0.11.tgz",
			"integrity": "sha1-Ywo13+ApS8KB7a5v/F0yn8eYLcw=",
			"requires": {
				"async": "1.5.2",
				"optimist": "0.6.1",
				"source-map": "0.4.4",
				"uglify-js": "2.8.29"
			}
		},
		"has-symbols": {
			"version": "1.0.0",
			"resolved": "https://registry.npmjs.org/has-symbols/-/has-symbols-1.0.0.tgz",
			"integrity": "sha1-uhqPGvKg/DllD1yFA2dwQSIGO0Q="
		},
		"http-errors": {
			"version": "1.6.2",
			"resolved": "https://registry.npmjs.org/http-errors/-/http-errors-1.6.2.tgz",
			"integrity": "sha1-CgAsyFcHGSp+eUbO7cERVfYOxzY=",
			"requires": {
				"depd": "1.1.1",
				"inherits": "2.0.3",
				"setprototypeof": "1.0.3",
				"statuses": "1.3.1"
			},
			"dependencies": {
				"setprototypeof": {
					"version": "1.0.3",
					"resolved": "https://registry.npmjs.org/setprototypeof/-/setprototypeof-1.0.3.tgz",
					"integrity": "sha1-ZlZ+NwQ+608E2RvWWMDL77VbjgQ="
				}
			}
		},
		"iconv-lite": {
			"version": "0.4.19",
			"resolved": "https://registry.npmjs.org/iconv-lite/-/iconv-lite-0.4.19.tgz",
			"integrity": "sha512-oTZqweIP51xaGPI4uPa56/Pri/480R+mo7SeU+YETByQNhDG55ycFyNLIgta9vXhILrxXDmF7ZGhqZIcuN0gJQ=="
		},
		"inflight": {
			"version": "1.0.6",
			"resolved": "https://registry.npmjs.org/inflight/-/inflight-1.0.6.tgz",
			"integrity": "sha1-Sb1jMdfQLQwJvJEKEHW6gWW1bfk=",
			"requires": {
				"once": "1.4.0",
				"wrappy": "1.0.2"
			}
		},
		"inherits": {
			"version": "2.0.3",
			"resolved": "https://registry.npmjs.org/inherits/-/inherits-2.0.3.tgz",
			"integrity": "sha1-Yzwsg+PaQqUC9SRmAiSA9CCCYd4="
		},
		"ipaddr.js": {
			"version": "1.5.2",
			"resolved": "https://registry.npmjs.org/ipaddr.js/-/ipaddr.js-1.5.2.tgz",
			"integrity": "sha1-1LUFvemUaYfM8PxY2QEP+WB+P6A="
		},
		"is-buffer": {
			"version": "1.1.6",
			"resolved": "https://registry.npmjs.org/is-buffer/-/is-buffer-1.1.6.tgz",
			"integrity": "sha512-NcdALwpXkTm5Zvvbk7owOUSvVvBKDgKP5/ewfXEznmQFfs4ZRmanOeKBTjRVjka3QFoN6XJ+9F3USqfHqTaU5w=="
		},
		"kind-of": {
			"version": "3.2.2",
			"resolved": "https://registry.npmjs.org/kind-of/-/kind-of-3.2.2.tgz",
			"integrity": "sha1-MeohpzS6ubuw8yRm2JOupR5KPGQ=",
			"requires": {
				"is-buffer": "1.1.6"
			}
		},
		"lazy-cache": {
			"version": "1.0.4",
			"resolved": "https://registry.npmjs.org/lazy-cache/-/lazy-cache-1.0.4.tgz",
			"integrity": "sha1-odePw6UEdMuAhF07O24dpJpEbo4=",
			"optional": true
		},
		"longest": {
			"version": "1.0.1",
			"resolved": "https://registry.npmjs.org/longest/-/longest-1.0.1.tgz",
			"integrity": "sha1-MKCy2jj3N3DoKUoNIuZiXtd9AJc="
		},
		"media-typer": {
			"version": "0.3.0",
			"resolved": "https://registry.npmjs.org/media-typer/-/media-typer-0.3.0.tgz",
			"integrity": "sha1-hxDXrwqmJvj/+hzgAWhUUmMlV0g="
		},
		"merge-descriptors": {
			"version": "1.0.1",
			"resolved": "https://registry.npmjs.org/merge-descriptors/-/merge-descriptors-1.0.1.tgz",
			"integrity": "sha1-sAqqVW3YtEVoFQ7J0blT8/kMu2E="
		},
		"methods": {
			"version": "1.1.2",
			"resolved": "https://registry.npmjs.org/methods/-/methods-1.1.2.tgz",
			"integrity": "sha1-VSmk1nZUE07cxSZmVoNbD4Ua/O4="
		},
		"mime": {
			"version": "1.4.1",
			"resolved": "https://registry.npmjs.org/mime/-/mime-1.4.1.tgz",
			"integrity": "sha512-KI1+qOZu5DcW6wayYHSzR/tXKCDC5Om4s1z2QJjDULzLcmf3DvzS7oluY4HCTrc+9FiKmWUgeNLg7W3uIQvxtQ=="
		},
		"mime-db": {
			"version": "1.30.0",
			"resolved": "https://registry.npmjs.org/mime-db/-/mime-db-1.30.0.tgz",
			"integrity": "sha1-dMZD2i3Z1qRTmZY0ZbJtXKfXHwE="
		},
		"mime-types": {
			"version": "2.1.17",
			"resolved": "https://registry.npmjs.org/mime-types/-/mime-types-2.1.17.tgz",
			"integrity": "sha1-Cdejk/A+mVp5+K+Fe3Cp4KsWVXo=",
			"requires": {
				"mime-db": "1.30.0"
			}
		},
		"minimatch": {
			"version": "3.0.4",
			"resolved": "https://registry.npmjs.org/minimatch/-/minimatch-3.0.4.tgz",
			"integrity": "sha512-yJHVQEhyqPLUTgt9B83PXu6W3rx4MvvHvSUvToogpwoGDOUQ+yDrR0HRot+yOCdCO7u4hX3pWft6kWBBcqh0UA==",
			"requires": {
				"brace-expansion": "1.1.8"
			}
		},
		"minimist": {
			"version": "0.0.10",
			"resolved": "https://registry.npmjs.org/minimist/-/minimist-0.0.10.tgz",
			"integrity": "sha1-3j+YVD2/lggr5IrRoMfNqDYwHc8="
		},
		"ms": {
			"version": "2.0.0",
			"resolved": "https://registry.npmjs.org/ms/-/ms-2.0.0.tgz",
			"integrity": "sha1-VgiurfwAvmwpAd9fmGF4jeDVl8g="
		},
		"negotiator": {
			"version": "0.6.1",
			"resolved": "https://registry.npmjs.org/negotiator/-/negotiator-0.6.1.tgz",
			"integrity": "sha1-KzJxhOiZIQEXeyhWP7XnECrNDKk="
		},
		"object-keys": {
			"version": "1.0.11",
			"resolved": "https://registry.npmjs.org/object-keys/-/object-keys-1.0.11.tgz",
			"integrity": "sha1-xUYBd4rVYPEULODgG8yotW0TQm0="
		},
		"object.assign": {
			"version": "4.1.0",
			"resolved": "https://registry.npmjs.org/object.assign/-/object.assign-4.1.0.tgz",
			"integrity": "sha512-exHJeq6kBKj58mqGyTQ9DFvrZC/eR6OwxzoM9YRoGBqrXYonaFyGiFMuc9VZrXf7DarreEwMpurG3dd+CNyW5w==",
			"requires": {
				"define-properties": "1.1.2",
				"function-bind": "1.1.1",
				"has-symbols": "1.0.0",
				"object-keys": "1.0.11"
			}
		},
		"on-finished": {
			"version": "2.3.0",
			"resolved": "https://registry.npmjs.org/on-finished/-/on-finished-2.3.0.tgz",
			"integrity": "sha1-IPEzZIGwg811M3mSoWlxqi2QaUc=",
			"requires": {
				"ee-first": "1.1.1"
			}
		},
		"once": {
			"version": "1.4.0",
			"resolved": "https://registry.npmjs.org/once/-/once-1.4.0.tgz",
			"integrity": "sha1-WDsap3WWHUsROsF9nFC6753Xa9E=",
			"requires": {
				"wrappy": "1.0.2"
			}
		},
		"optimist": {
			"version": "0.6.1",
			"resolved": "https://registry.npmjs.org/optimist/-/optimist-0.6.1.tgz",
			"integrity": "sha1-2j6nRob6IaGaERwybpDrFaAZZoY=",
			"requires": {
				"minimist": "0.0.10",
				"wordwrap": "0.0.3"
			}
		},
		"parseurl": {
			"version": "1.3.2",
			"resolved": "https://registry.npmjs.org/parseurl/-/parseurl-1.3.2.tgz",
			"integrity": "sha1-/CidTtiZMRlGDBViUyYs3I3mW/M="
		},
		"path-is-absolute": {
			"version": "1.0.1",
			"resolved": "https://registry.npmjs.org/path-is-absolute/-/path-is-absolute-1.0.1.tgz",
			"integrity": "sha1-F0uSaHNVNP+8es5r9TpanhtcX18="
		},
		"path-to-regexp": {
			"version": "0.1.7",
			"resolved": "https://registry.npmjs.org/path-to-regexp/-/path-to-regexp-0.1.7.tgz",
			"integrity": "sha1-32BBeABfUi8V60SQ5yR6G/qmf4w="
		},
		"promise": {
			"version": "7.3.1",
			"resolved": "https://registry.npmjs.org/promise/-/promise-7.3.1.tgz",
			"integrity": "sha512-nolQXZ/4L+bP/UGlkfaIujX9BKxGwmQ9OT4mOt5yvy8iK1h3wqTEJCijzGANTCCl9nWjY41juyAn2K3Q1hLLTg==",
			"requires": {
				"asap": "2.0.6"
			}
		},
		"proxy-addr": {
			"version": "2.0.2",
			"resolved": "https://registry.npmjs.org/proxy-addr/-/proxy-addr-2.0.2.tgz",
			"integrity": "sha1-ZXFQT0e7mI7IGAJT+F3X4UlSvew=",
			"requires": {
				"forwarded": "0.1.2",
				"ipaddr.js": "1.5.2"
			}
		},
		"qs": {
			"version": "6.5.1",
			"resolved": "https://registry.npmjs.org/qs/-/qs-6.5.1.tgz",
			"integrity": "sha512-eRzhrN1WSINYCDCbrz796z37LOe3m5tmW7RQf6oBntukAG1nmovJvhnwHHRMAfeoItc1m2Hk02WER2aQ/iqs+A=="
		},
		"range-parser": {
			"version": "1.2.0",
			"resolved": "https://registry.npmjs.org/range-parser/-/range-parser-1.2.0.tgz",
			"integrity": "sha1-9JvmtIeJTdxA3MlKMi9hEJLgDV4="
		},
		"raw-body": {
			"version": "2.3.2",
			"resolved": "https://registry.npmjs.org/raw-body/-/raw-body-2.3.2.tgz",
			"integrity": "sha1-vNYMd9Prk83gBQKVw/N5OJvIj4k=",
			"requires": {
				"bytes": "3.0.0",
				"http-errors": "1.6.2",
				"iconv-lite": "0.4.19",
				"unpipe": "1.0.0"
			}
		},
		"repeat-string": {
			"version": "1.6.1",
			"resolved": "https://registry.npmjs.org/repeat-string/-/repeat-string-1.6.1.tgz",
			"integrity": "sha1-jcrkcOHIirwtYA//Sndihtp15jc="
		},
		"right-align": {
			"version": "0.1.3",
			"resolved": "https://registry.npmjs.org/right-align/-/right-align-0.1.3.tgz",
			"integrity": "sha1-YTObci/mo1FWiSENJOFMlhSGE+8=",
			"optional": true,
			"requires": {
				"align-text": "0.1.4"
			}
		},
		"safe-buffer": {
			"version": "5.1.1",
			"resolved": "https://registry.npmjs.org/safe-buffer/-/safe-buffer-5.1.1.tgz",
			"integrity": "sha512-kKvNJn6Mm93gAczWVJg7wH+wGYWNrDHdWvpUmHyEsgCtIwwo3bqPtV4tR5tuPaUhTOo/kvhVwd8XwwOllGYkbg=="
		},
		"send": {
			"version": "0.16.1",
			"resolved": "https://registry.npmjs.org/send/-/send-0.16.1.tgz",
			"integrity": "sha512-ElCLJdJIKPk6ux/Hocwhk7NFHpI3pVm/IZOYWqUmoxcgeyM+MpxHHKhb8QmlJDX1pU6WrgaHBkVNm73Sv7uc2A==",
			"requires": {
				"debug": "2.6.9",
				"depd": "1.1.1",
				"destroy": "1.0.4",
				"encodeurl": "1.0.1",
				"escape-html": "1.0.3",
				"etag": "1.8.1",
				"fresh": "0.5.2",
				"http-errors": "1.6.2",
				"mime": "1.4.1",
				"ms": "2.0.0",
				"on-finished": "2.3.0",
				"range-parser": "1.2.0",
				"statuses": "1.3.1"
			}
		},
		"serve-static": {
			"version": "1.13.1",
			"resolved": "https://registry.npmjs.org/serve-static/-/serve-static-1.13.1.tgz",
			"integrity": "sha512-hSMUZrsPa/I09VYFJwa627JJkNs0NrfL1Uzuup+GqHfToR2KcsXFymXSV90hoyw3M+msjFuQly+YzIH/q0MGlQ==",
			"requires": {
				"encodeurl": "1.0.1",
				"escape-html": "1.0.3",
				"parseurl": "1.3.2",
				"send": "0.16.1"
			}
		},
		"setprototypeof": {
			"version": "1.1.0",
			"resolved": "https://registry.npmjs.org/setprototypeof/-/setprototypeof-1.1.0.tgz",
			"integrity": "sha512-BvE/TwpZX4FXExxOxZyRGQQv651MSwmWKZGqvmPcRIjDqWub67kTKuIMx43cZZrS/cBBzwBcNDWoFxt2XEFIpQ=="
		},
		"source-map": {
			"version": "0.4.4",
			"resolved": "https://registry.npmjs.org/source-map/-/source-map-0.4.4.tgz",
			"integrity": "sha1-66T12pwNyZneaAMti092FzZSA2s=",
			"requires": {
				"amdefine": "1.0.1"
			}
		},
		"statuses": {
			"version": "1.3.1",
			"resolved": "https://registry.npmjs.org/statuses/-/statuses-1.3.1.tgz",
			"integrity": "sha1-+vUbnrdKrvOzrPStX2Gr8ky3uT4="
		},
		"type-is": {
			"version": "1.6.15",
			"resolved": "https://registry.npmjs.org/type-is/-/type-is-1.6.15.tgz",
			"integrity": "sha1-yrEPtJCeRByChC6v4a1kbIGARBA=",
			"requires": {
				"media-typer": "0.3.0",
				"mime-types": "2.1.17"
			}
		},
		"uglify-js": {
			"version": "2.8.29",
			"resolved": "https://registry.npmjs.org/uglify-js/-/uglify-js-2.8.29.tgz",
			"integrity": "sha1-KcVzMUgFe7Th913zW3qcty5qWd0=",
			"optional": true,
			"requires": {
				"source-map": "0.5.7",
				"uglify-to-browserify": "1.0.2",
				"yargs": "3.10.0"
			},
			"dependencies": {
				"source-map": {
					"version": "0.5.7",
					"resolved": "https://registry.npmjs.org/source-map/-/source-map-0.5.7.tgz",
					"integrity": "sha1-igOdLRAh0i0eoUyA2OpGi6LvP8w=",
					"optional": true
				}
			}
		},
		"uglify-to-browserify": {
			"version": "1.0.2",
			"resolved": "https://registry.npmjs.org/uglify-to-browserify/-/uglify-to-browserify-1.0.2.tgz",
			"integrity": "sha1-bgkk1r2mta/jSeOabWMoUKD4grc=",
			"optional": true
		},
		"unpipe": {
			"version": "1.0.0",
			"resolved": "https://registry.npmjs.org/unpipe/-/unpipe-1.0.0.tgz",
			"integrity": "sha1-sr9O6FFKrmFltIF4KdIbLvSZBOw="
		},
		"utils-merge": {
			"version": "1.0.1",
			"resolved": "https://registry.npmjs.org/utils-merge/-/utils-merge-1.0.1.tgz",
			"integrity": "sha1-n5VxD1CiZ5R7LMwSR0HBAoQn5xM="
		},
		"vary": {
			"version": "1.1.2",
			"resolved": "https://registry.npmjs.org/vary/-/vary-1.1.2.tgz",
			"integrity": "sha1-IpnwLG3tMNSllhsLn3RSShj2NPw="
		},
		"window-size": {
			"version": "0.1.0",
			"resolved": "https://registry.npmjs.org/window-size/-/window-size-0.1.0.tgz",
			"integrity": "sha1-VDjNLqk7IC76Ohn+iIeu58lPnJ0=",
			"optional": true
		},
		"wordwrap": {
			"version": "0.0.3",
			"resolved": "https://registry.npmjs.org/wordwrap/-/wordwrap-0.0.3.tgz",
			"integrity": "sha1-o9XabNXAvAAI03I0u68b7WMFkQc="
		},
		"wrappy": {
			"version": "1.0.2",
			"resolved": "https://registry.npmjs.org/wrappy/-/wrappy-1.0.2.tgz",
			"integrity": "sha1-tSQ9jz7BqjXxNkYFvA0QNuMKtp8="
		},
		"yargs": {
			"version": "3.10.0",
			"resolved": "https://registry.npmjs.org/yargs/-/yargs-3.10.0.tgz",
			"integrity": "sha1-9+572FfdfB0tOMDnTvvWgdFDH9E=",
			"optional": true,
			"requires": {
				"camelcase": "1.2.1",
				"cliui": "2.1.0",
				"decamelize": "1.2.0",
				"window-size": "0.1.0"
			}
		}
	}
}
